
Microsoft Visual Studio Solution File, Format Version 12.00
# Visual Studio 2013
VisualStudioVersion = 12.0.31101.0
MinimumVisualStudioVersion = 10.0.40219.1
Project("{FAE04EC0-301F-11D3-BF4B-00C04F79EFBC}") = "FarmClientApp", "FarmClientApp\FarmClientApp.csproj", "{BF28B302-32E4-4A0A-ABB3-7D67F386E4BD}"
	ProjectSection(ProjectDependencies) = postProject
		{2D7E560A-3C71-40D9-A711-AA353DFF72CF} = {2D7E560A-3C71-40D9-A711-AA353DFF72CF}
		{473E2C4A-3009-48CB-8B5E-EFB695E8A01D} = {473E2C4A-3009-48CB-8B5E-EFB695E8A01D}
		{35167570-8E1E-4868-A992-F692D7133D8E} = {35167570-8E1E-4868-A992-F692D7133D8E}
	EndProjectSection
EndProject
Project("{2150E333-8FDC-42A3-9474-1A3956D46DE8}") = "0 - Crosscutting", "0 - Crosscutting", "{D52A7F8C-D97E-4176-8AAA-FAF66B4AAA18}"
EndProject
Project("{2150E333-8FDC-42A3-9474-1A3956D46DE8}") = "1 - Data", "1 - Data", "{255F15B7-D1C1-46A0-9A83-F774997E5985}"
EndProject
Project("{2150E333-8FDC-42A3-9474-1A3956D46DE8}") = "2 - Business", "2 - Business", "{E2B87BB3-3F8F-476A-8560-5AEF2E572141}"
EndProject
Project("{2150E333-8FDC-42A3-9474-1A3956D46DE8}") = "3 - Services", "3 - Services", "{DE999140-F576-43A2-B5D1-A63ECC54CB7E}"
EndProject
Project("{2150E333-8FDC-42A3-9474-1A3956D46DE8}") = "4 - UI", "4 - UI", "{CF76DBB2-04ED-4585-B170-8D4EDBD1CCE3}"
EndProject
Project("{FAE04EC0-301F-11D3-BF4B-00C04F79EFBC}") = "Utilities", "Utilities\Utilities.csproj", "{35167570-8E1E-4868-A992-F692D7133D8E}"
EndProject
Project("{FAE04EC0-301F-11D3-BF4B-00C04F79EFBC}") = "Data", "Data\Data.csproj", "{2D7E560A-3C71-40D9-A711-AA353DFF72CF}"
EndProject
Project("{FAE04EC0-301F-11D3-BF4B-00C04F79EFBC}") = "Domain", "Domain\Domain.csproj", "{DC882144-E3BA-41F5-81A2-D7D6728AD9FF}"
EndProject
Project("{FAE04EC0-301F-11D3-BF4B-00C04F79EFBC}") = "ServiceLibrary", "ServiceLibrary\ServiceLibrary.csproj", "{473E2C4A-3009-48CB-8B5E-EFB695E8A01D}"
EndProject
Project("{FAE04EC0-301F-11D3-BF4B-00C04F79EFBC}") = "Api", "Api\Api.csproj", "{F1D876CC-77D0-4A96-B78A-D376B8CD4087}"
EndProject
Project("{2150E333-8FDC-42A3-9474-1A3956D46DE8}") = "Config", "Config", "{4314271C-E481-43D8-8E8A-E84779DA01AC}"
EndProject
Project("{2150E333-8FDC-42A3-9474-1A3956D46DE8}") = "PS", "PS", "{E3D21058-7A3D-4B6A-8CD0-9C6BB77BA78F}"
EndProject
Project("{FAE04EC0-301F-11D3-BF4B-00C04F79EFBC}") = "RemoteProvisioning.Tests", "RemoteProvisioning.Tests\RemoteProvisioning.Tests.csproj", "{7A08F8AD-E695-43CF-B065-89B859E0DD1F}"
EndProject
Project("{FAE04EC0-301F-11D3-BF4B-00C04F79EFBC}") = "Birchman.RemoteProvisioning.Console.Tests", "Birchman.RemoteProvisioning.Console.Tests\Birchman.RemoteProvisioning.Console.Tests.csproj", "{FF9BBBAF-5CF9-47B3-A602-99D9A9D82DCD}"
EndProject
Global
	GlobalSection(SolutionConfigurationPlatforms) = preSolution
		Debug|Any CPU = Debug|Any CPU
		Release|Any CPU = Release|Any CPU
	EndGlobalSection
	GlobalSection(ProjectConfigurationPlatforms) = postSolution
		{BF28B302-32E4-4A0A-ABB3-7D67F386E4BD}.Debug|Any CPU.ActiveCfg = Debug|Any CPU
		{BF28B302-32E4-4A0A-ABB3-7D67F386E4BD}.Debug|Any CPU.Build.0 = Debug|Any CPU
		{BF28B302-32E4-4A0A-ABB3-7D67F386E4BD}.Debug|Any CPU.Deploy.0 = Debug|Any CPU
		{BF28B302-32E4-4A0A-ABB3-7D67F386E4BD}.Release|Any CPU.ActiveCfg = Release|Any CPU
		{BF28B302-32E4-4A0A-ABB3-7D67F386E4BD}.Release|Any CPU.Build.0 = Release|Any CPU
		{BF28B302-32E4-4A0A-ABB3-7D67F386E4BD}.Release|Any CPU.Deploy.0 = Release|Any CPU
		{35167570-8E1E-4868-A992-F692D7133D8E}.Debug|Any CPU.ActiveCfg = Debug|Any CPU
		{35167570-8E1E-4868-A992-F692D7133D8E}.Debug|Any CPU.Build.0 = Debug|Any CPU
		{35167570-8E1E-4868-A992-F692D7133D8E}.Release|Any CPU.ActiveCfg = Release|Any CPU
		{35167570-8E1E-4868-A992-F692D7133D8E}.Release|Any CPU.Build.0 = Release|Any CPU
		{2D7E560A-3C71-40D9-A711-AA353DFF72CF}.Debug|Any CPU.ActiveCfg = Debug|Any CPU
		{2D7E560A-3C71-40D9-A711-AA353DFF72CF}.Debug|Any CPU.Build.0 = Debug|Any CPU
		{2D7E560A-3C71-40D9-A711-AA353DFF72CF}.Release|Any CPU.ActiveCfg = Release|Any CPU
		{2D7E560A-3C71-40D9-A711-AA353DFF72CF}.Release|Any CPU.Build.0 = Release|Any CPU
		{DC882144-E3BA-41F5-81A2-D7D6728AD9FF}.Debug|Any CPU.ActiveCfg = Debug|Any CPU
		{DC882144-E3BA-41F5-81A2-D7D6728AD9FF}.Debug|Any CPU.Build.0 = Debug|Any CPU
		{DC882144-E3BA-41F5-81A2-D7D6728AD9FF}.Release|Any CPU.ActiveCfg = Release|Any CPU
		{DC882144-E3BA-41F5-81A2-D7D6728AD9FF}.Release|Any CPU.Build.0 = Release|Any CPU
		{473E2C4A-3009-48CB-8B5E-EFB695E8A01D}.Debug|Any CPU.ActiveCfg = Debug|Any CPU
		{473E2C4A-3009-48CB-8B5E-EFB695E8A01D}.Debug|Any CPU.Build.0 = Debug|Any CPU
		{473E2C4A-3009-48CB-8B5E-EFB695E8A01D}.Release|Any CPU.ActiveCfg = Release|Any CPU
		{473E2C4A-3009-48CB-8B5E-EFB695E8A01D}.Release|Any CPU.Build.0 = Release|Any CPU
		{F1D876CC-77D0-4A96-B78A-D376B8CD4087}.Debug|Any CPU.ActiveCfg = Debug|Any CPU
		{F1D876CC-77D0-4A96-B78A-D376B8CD4087}.Debug|Any CPU.Build.0 = Debug|Any CPU
		{F1D876CC-77D0-4A96-B78A-D376B8CD4087}.Release|Any CPU.ActiveCfg = Release|Any CPU
		{F1D876CC-77D0-4A96-B78A-D376B8CD4087}.Release|Any CPU.Build.0 = Release|Any CPU
		{7A08F8AD-E695-43CF-B065-89B859E0DD1F}.Debug|Any CPU.ActiveCfg = Debug|Any CPU
		{7A08F8AD-E695-43CF-B065-89B859E0DD1F}.Debug|Any CPU.Build.0 = Debug|Any CPU
		{7A08F8AD-E695-43CF-B065-89B859E0DD1F}.Release|Any CPU.ActiveCfg = Release|Any CPU
		{7A08F8AD-E695-43CF-B065-89B859E0DD1F}.Release|Any CPU.Build.0 = Release|Any CPU
		{FF9BBBAF-5CF9-47B3-A602-99D9A9D82DCD}.Debug|Any CPU.ActiveCfg = Debug|Any CPU
		{FF9BBBAF-5CF9-47B3-A602-99D9A9D82DCD}.Debug|Any CPU.Build.0 = Debug|Any CPU
		{FF9BBBAF-5CF9-47B3-A602-99D9A9D82DCD}.Release|Any CPU.ActiveCfg = Release|Any CPU
		{FF9BBBAF-5CF9-47B3-A602-99D9A9D82DCD}.Release|Any CPU.Build.0 = Release|Any CPU
	EndGlobalSection
	GlobalSection(SolutionProperties) = preSolution
		HideSolutionNode = FALSE
	EndGlobalSection
	GlobalSection(NestedProjects) = preSolution
		{BF28B302-32E4-4A0A-ABB3-7D67F386E4BD} = {CF76DBB2-04ED-4585-B170-8D4EDBD1CCE3}
		{35167570-8E1E-4868-A992-F692D7133D8E} = {D52A7F8C-D97E-4176-8AAA-FAF66B4AAA18}
		{2D7E560A-3C71-40D9-A711-AA353DFF72CF} = {255F15B7-D1C1-46A0-9A83-F774997E5985}
		{DC882144-E3BA-41F5-81A2-D7D6728AD9FF} = {E2B87BB3-3F8F-476A-8560-5AEF2E572141}
		{473E2C4A-3009-48CB-8B5E-EFB695E8A01D} = {E2B87BB3-3F8F-476A-8560-5AEF2E572141}
		{F1D876CC-77D0-4A96-B78A-D376B8CD4087} = {DE999140-F576-43A2-B5D1-A63ECC54CB7E}
		{E3D21058-7A3D-4B6A-8CD0-9C6BB77BA78F} = {4314271C-E481-43D8-8E8A-E84779DA01AC}
	EndGlobalSection
EndGlobal
